// !$*UTF8*$!
{
	archiveVersion = 1;
	classes = {
	};
	objectVersion = 46;
	objects = {

/* Begin PBXBuildFile section */
		97F64D741DBFCCAA0010385E /* AppDelegate.swift in Sources */ = {isa = PBXBuildFile; fileRef = 97F64D731DBFCCAA0010385E /* AppDelegate.swift */; };
		97F64D7B1DBFCCAA0010385E /* Assets.xcassets in Resources */ = {isa = PBXBuildFile; fileRef = 97F64D7A1DBFCCAA0010385E /* Assets.xcassets */; };
		97F64D7E1DBFCCAA0010385E /* LaunchScreen.storyboard in Resources */ = {isa = PBXBuildFile; fileRef = 97F64D7C1DBFCCAA0010385E /* LaunchScreen.storyboard */; };
		AE16E2EB234AD2E200383879 /* MainMenuController.swift in Sources */ = {isa = PBXBuildFile; fileRef = AE16E2EA234AD2E200383879 /* MainMenuController.swift */; };
		AE16E2F1234ADBF100383879 /* MainMenuCell.swift in Sources */ = {isa = PBXBuildFile; fileRef = AE16E2F0234ADBF100383879 /* MainMenuCell.swift */; };
		AE16E2F9234C2AE500383879 /* DetailController.swift in Sources */ = {isa = PBXBuildFile; fileRef = AE16E2F8234C2AE500383879 /* DetailController.swift */; };
		AE16E301234CCAD200383879 /* InformationCell.swift in Sources */ = {isa = PBXBuildFile; fileRef = AE16E300234CCAD200383879 /* InformationCell.swift */; };
		AE1C65292369C2F900F0548F /* Type.swift in Sources */ = {isa = PBXBuildFile; fileRef = AE1C65282369C2F900F0548F /* Type.swift */; };
		AE1C652B236FE5DB00F0548F /* Planet.swift in Sources */ = {isa = PBXBuildFile; fileRef = AE1C652A236FE5DA00F0548F /* Planet.swift */; };
		AE21EC74237E6CCD0075C45D /* PickerDataSource.swift in Sources */ = {isa = PBXBuildFile; fileRef = AE21EC73237E6CCD0075C45D /* PickerDataSource.swift */; };
		AE21EC7C2380C3C80075C45D /* Feature.swift in Sources */ = {isa = PBXBuildFile; fileRef = AE21EC7B2380C3C80075C45D /* Feature.swift */; };
		AE3BA4F9237641A0000AA59F /* SearchResultsController.swift in Sources */ = {isa = PBXBuildFile; fileRef = AE3BA4F8237641A0000AA59F /* SearchResultsController.swift */; };
		AE5EE4D92355526A00569C99 /* StarWarsEndpoint.swift in Sources */ = {isa = PBXBuildFile; fileRef = AE5EE4D82355526A00569C99 /* StarWarsEndpoint.swift */; };
		AE65116A2351582900BAD541 /* StarWarsError.swift in Sources */ = {isa = PBXBuildFile; fileRef = AE6511692351582900BAD541 /* StarWarsError.swift */; };
		AE65116E235158C200BAD541 /* StarWarsAPIClient.swift in Sources */ = {isa = PBXBuildFile; fileRef = AE65116D235158C200BAD541 /* StarWarsAPIClient.swift */; };
		AE98A658233ED30E00725F59 /* Stub.swift in Sources */ = {isa = PBXBuildFile; fileRef = AE98A657233ED30E00725F59 /* Stub.swift */; };
		AE98A65A233ED6B800725F59 /* Character.swift in Sources */ = {isa = PBXBuildFile; fileRef = AE98A659233ED6B800725F59 /* Character.swift */; };
		AE98A65C233ED6C100725F59 /* Vehicle.swift in Sources */ = {isa = PBXBuildFile; fileRef = AE98A65B233ED6C100725F59 /* Vehicle.swift */; };
		AE98A65E233ED6C900725F59 /* Starship.swift in Sources */ = {isa = PBXBuildFile; fileRef = AE98A65D233ED6C900725F59 /* Starship.swift */; };
		AEC44D85237A55590007CF96 /* MainMenuDataSource.swift in Sources */ = {isa = PBXBuildFile; fileRef = AEC44D84237A55590007CF96 /* MainMenuDataSource.swift */; };
		AEC44D87237A5BFE0007CF96 /* SearchResultsDataSource.swift in Sources */ = {isa = PBXBuildFile; fileRef = AEC44D86237A5BFE0007CF96 /* SearchResultsDataSource.swift */; };
		AEC44D89237AF11E0007CF96 /* CharacterViewModel.swift in Sources */ = {isa = PBXBuildFile; fileRef = AEC44D88237AF11E0007CF96 /* CharacterViewModel.swift */; };
		AEC44D8B237AF1290007CF96 /* VehicleViewModel.swift in Sources */ = {isa = PBXBuildFile; fileRef = AEC44D8A237AF1290007CF96 /* VehicleViewModel.swift */; };
		AEC44D8D237AF1340007CF96 /* StarshipViewModel.swift in Sources */ = {isa = PBXBuildFile; fileRef = AEC44D8C237AF1340007CF96 /* StarshipViewModel.swift */; };
		AEC44D8F237B9FF20007CF96 /* DetailDataSource.swift in Sources */ = {isa = PBXBuildFile; fileRef = AEC44D8E237B9FF20007CF96 /* DetailDataSource.swift */; };
		AEE2B795234583FD005ACC36 /* Theme.swift in Sources */ = {isa = PBXBuildFile; fileRef = AEE2B794234583FD005ACC36 /* Theme.swift */; };
		AEEF5428235FEFA100BC55A3 /* Page.swift in Sources */ = {isa = PBXBuildFile; fileRef = AEEF5427235FEFA100BC55A3 /* Page.swift */; };
/* End PBXBuildFile section */

/* Begin PBXFileReference section */
		97F64D701DBFCCAA0010385E /* Xcode7Starter.app */ = {isa = PBXFileReference; explicitFileType = wrapper.application; includeInIndex = 0; path = Xcode7Starter.app; sourceTree = BUILT_PRODUCTS_DIR; };
		97F64D731DBFCCAA0010385E /* AppDelegate.swift */ = {isa = PBXFileReference; lastKnownFileType = sourcecode.swift; path = AppDelegate.swift; sourceTree = "<group>"; };
		97F64D7A1DBFCCAA0010385E /* Assets.xcassets */ = {isa = PBXFileReference; lastKnownFileType = folder.assetcatalog; path = Assets.xcassets; sourceTree = "<group>"; };
		97F64D7D1DBFCCAA0010385E /* Base */ = {isa = PBXFileReference; lastKnownFileType = file.storyboard; name = Base; path = Base.lproj/LaunchScreen.storyboard; sourceTree = "<group>"; };
		97F64D7F1DBFCCAA0010385E /* Info.plist */ = {isa = PBXFileReference; lastKnownFileType = text.plist.xml; path = Info.plist; sourceTree = "<group>"; };
		AE16E2EA234AD2E200383879 /* MainMenuController.swift */ = {isa = PBXFileReference; lastKnownFileType = sourcecode.swift; path = MainMenuController.swift; sourceTree = "<group>"; };
		AE16E2F0234ADBF100383879 /* MainMenuCell.swift */ = {isa = PBXFileReference; lastKnownFileType = sourcecode.swift; path = MainMenuCell.swift; sourceTree = "<group>"; };
		AE16E2F8234C2AE500383879 /* DetailController.swift */ = {isa = PBXFileReference; lastKnownFileType = sourcecode.swift; path = DetailController.swift; sourceTree = "<group>"; };
		AE16E300234CCAD200383879 /* InformationCell.swift */ = {isa = PBXFileReference; lastKnownFileType = sourcecode.swift; path = InformationCell.swift; sourceTree = "<group>"; };
		AE1C65282369C2F900F0548F /* Type.swift */ = {isa = PBXFileReference; lastKnownFileType = sourcecode.swift; path = Type.swift; sourceTree = "<group>"; };
		AE1C652A236FE5DA00F0548F /* Planet.swift */ = {isa = PBXFileReference; lastKnownFileType = sourcecode.swift; path = Planet.swift; sourceTree = "<group>"; };
		AE21EC73237E6CCD0075C45D /* PickerDataSource.swift */ = {isa = PBXFileReference; lastKnownFileType = sourcecode.swift; path = PickerDataSource.swift; sourceTree = "<group>"; };
		AE21EC7B2380C3C80075C45D /* Feature.swift */ = {isa = PBXFileReference; lastKnownFileType = sourcecode.swift; path = Feature.swift; sourceTree = "<group>"; };
		AE3BA4F8237641A0000AA59F /* SearchResultsController.swift */ = {isa = PBXFileReference; lastKnownFileType = sourcecode.swift; path = SearchResultsController.swift; sourceTree = "<group>"; };
		AE5EE4D82355526A00569C99 /* StarWarsEndpoint.swift */ = {isa = PBXFileReference; lastKnownFileType = sourcecode.swift; path = StarWarsEndpoint.swift; sourceTree = "<group>"; };
		AE6511692351582900BAD541 /* StarWarsError.swift */ = {isa = PBXFileReference; lastKnownFileType = sourcecode.swift; path = StarWarsError.swift; sourceTree = "<group>"; };
		AE65116D235158C200BAD541 /* StarWarsAPIClient.swift */ = {isa = PBXFileReference; lastKnownFileType = sourcecode.swift; path = StarWarsAPIClient.swift; sourceTree = "<group>"; };
		AE98A657233ED30E00725F59 /* Stub.swift */ = {isa = PBXFileReference; lastKnownFileType = sourcecode.swift; path = Stub.swift; sourceTree = "<group>"; };
		AE98A659233ED6B800725F59 /* Character.swift */ = {isa = PBXFileReference; lastKnownFileType = sourcecode.swift; path = Character.swift; sourceTree = "<group>"; };
		AE98A65B233ED6C100725F59 /* Vehicle.swift */ = {isa = PBXFileReference; lastKnownFileType = sourcecode.swift; path = Vehicle.swift; sourceTree = "<group>"; };
		AE98A65D233ED6C900725F59 /* Starship.swift */ = {isa = PBXFileReference; lastKnownFileType = sourcecode.swift; path = Starship.swift; sourceTree = "<group>"; };
		AEC44D84237A55590007CF96 /* MainMenuDataSource.swift */ = {isa = PBXFileReference; lastKnownFileType = sourcecode.swift; path = MainMenuDataSource.swift; sourceTree = "<group>"; };
		AEC44D86237A5BFE0007CF96 /* SearchResultsDataSource.swift */ = {isa = PBXFileReference; lastKnownFileType = sourcecode.swift; path = SearchResultsDataSource.swift; sourceTree = "<group>"; };
		AEC44D88237AF11E0007CF96 /* CharacterViewModel.swift */ = {isa = PBXFileReference; lastKnownFileType = sourcecode.swift; path = CharacterViewModel.swift; sourceTree = "<group>"; };
		AEC44D8A237AF1290007CF96 /* VehicleViewModel.swift */ = {isa = PBXFileReference; lastKnownFileType = sourcecode.swift; path = VehicleViewModel.swift; sourceTree = "<group>"; };
		AEC44D8C237AF1340007CF96 /* StarshipViewModel.swift */ = {isa = PBXFileReference; lastKnownFileType = sourcecode.swift; path = StarshipViewModel.swift; sourceTree = "<group>"; };
		AEC44D8E237B9FF20007CF96 /* DetailDataSource.swift */ = {isa = PBXFileReference; lastKnownFileType = sourcecode.swift; path = DetailDataSource.swift; sourceTree = "<group>"; };
		AEE2B794234583FD005ACC36 /* Theme.swift */ = {isa = PBXFileReference; lastKnownFileType = sourcecode.swift; path = Theme.swift; sourceTree = "<group>"; };
		AEEF5427235FEFA100BC55A3 /* Page.swift */ = {isa = PBXFileReference; lastKnownFileType = sourcecode.swift; path = Page.swift; sourceTree = "<group>"; };
/* End PBXFileReference section */

/* Begin PBXFrameworksBuildPhase section */
		97F64D6D1DBFCCAA0010385E /* Frameworks */ = {
			isa = PBXFrameworksBuildPhase;
			buildActionMask = 2147483647;
			files = (
			);
			runOnlyForDeploymentPostprocessing = 0;
		};
/* End PBXFrameworksBuildPhase section */

/* Begin PBXGroup section */
		97F64D671DBFCCAA0010385E = {
			isa = PBXGroup;
			children = (
				97F64D721DBFCCAA0010385E /* Xcode7Starter */,
				97F64D711DBFCCAA0010385E /* Products */,
			);
			sourceTree = "<group>";
		};
		97F64D711DBFCCAA0010385E /* Products */ = {
			isa = PBXGroup;
			children = (
				97F64D701DBFCCAA0010385E /* Xcode7Starter.app */,
			);
			name = Products;
			sourceTree = "<group>";
		};
		97F64D721DBFCCAA0010385E /* Xcode7Starter */ = {
			isa = PBXGroup;
			children = (
				AEC44D90237BB6E80007CF96 /* Protocols */,
				AEE2B793234583EB005ACC36 /* Extensions */,
				AEE6F10B233BA1070040D3FA /* Networking */,
				AEE6F10A233BA0FE0040D3FA /* View Models */,
				AEE6F109233BA0F20040D3FA /* Data Sources */,
				AEE6F108233BA0EC0040D3FA /* Controllers */,
				AEE6F107233BA0E60040D3FA /* Views */,
				AEE6F106233BA0CF0040D3FA /* Models */,
				97F64D7F1DBFCCAA0010385E /* Info.plist */,
				AE21EC7A237FAA7A0075C45D /* Supporting Files */,
			);
			path = Xcode7Starter;
			sourceTree = "<group>";
		};
		AE21EC7A237FAA7A0075C45D /* Supporting Files */ = {
			isa = PBXGroup;
			children = (
				97F64D7A1DBFCCAA0010385E /* Assets.xcassets */,
				97F64D7C1DBFCCAA0010385E /* LaunchScreen.storyboard */,
				97F64D731DBFCCAA0010385E /* AppDelegate.swift */,
			);
			path = "Supporting Files";
			sourceTree = "<group>";
		};
		AEC44D90237BB6E80007CF96 /* Protocols */ = {
			isa = PBXGroup;
			children = (
				AE1C65282369C2F900F0548F /* Type.swift */,
			);
			path = Protocols;
			sourceTree = "<group>";
		};
		AEE2B793234583EB005ACC36 /* Extensions */ = {
			isa = PBXGroup;
			children = (
				AEE2B794234583FD005ACC36 /* Theme.swift */,
			);
			path = Extensions;
			sourceTree = "<group>";
		};
		AEE6F106233BA0CF0040D3FA /* Models */ = {
			isa = PBXGroup;
			children = (
				AEEF5427235FEFA100BC55A3 /* Page.swift */,
				AE98A659233ED6B800725F59 /* Character.swift */,
				AE98A65B233ED6C100725F59 /* Vehicle.swift */,
				AE98A65D233ED6C900725F59 /* Starship.swift */,
				AE1C652A236FE5DA00F0548F /* Planet.swift */,
				AE98A657233ED30E00725F59 /* Stub.swift */,
				AE21EC7B2380C3C80075C45D /* Feature.swift */,
			);
			path = Models;
			sourceTree = "<group>";
		};
		AEE6F107233BA0E60040D3FA /* Views */ = {
			isa = PBXGroup;
			children = (
				AE16E2F0234ADBF100383879 /* MainMenuCell.swift */,
				AE16E300234CCAD200383879 /* InformationCell.swift */,
			);
			path = Views;
			sourceTree = "<group>";
		};
		AEE6F108233BA0EC0040D3FA /* Controllers */ = {
			isa = PBXGroup;
			children = (
				AE16E2EA234AD2E200383879 /* MainMenuController.swift */,
				AE3BA4F8237641A0000AA59F /* SearchResultsController.swift */,
				AE16E2F8234C2AE500383879 /* DetailController.swift */,
			);
			path = Controllers;
			sourceTree = "<group>";
		};
		AEE6F109233BA0F20040D3FA /* Data Sources */ = {
			isa = PBXGroup;
			children = (
				AEC44D84237A55590007CF96 /* MainMenuDataSource.swift */,
				AEC44D86237A5BFE0007CF96 /* SearchResultsDataSource.swift */,
				AEC44D8E237B9FF20007CF96 /* DetailDataSource.swift */,
				AE21EC73237E6CCD0075C45D /* PickerDataSource.swift */,
			);
			path = "Data Sources";
			sourceTree = "<group>";
		};
		AEE6F10A233BA0FE0040D3FA /* View Models */ = {
			isa = PBXGroup;
			children = (
				AEC44D88237AF11E0007CF96 /* CharacterViewModel.swift */,
				AEC44D8A237AF1290007CF96 /* VehicleViewModel.swift */,
				AEC44D8C237AF1340007CF96 /* StarshipViewModel.swift */,
			);
			path = "View Models";
			sourceTree = "<group>";
		};
		AEE6F10B233BA1070040D3FA /* Networking */ = {
			isa = PBXGroup;
			children = (
				AE5EE4D82355526A00569C99 /* StarWarsEndpoint.swift */,
				AE65116D235158C200BAD541 /* StarWarsAPIClient.swift */,
				AE6511692351582900BAD541 /* StarWarsError.swift */,
			);
			path = Networking;
			sourceTree = "<group>";
		};
/* End PBXGroup section */

/* Begin PBXNativeTarget section */
		97F64D6F1DBFCCAA0010385E /* Xcode7Starter */ = {
			isa = PBXNativeTarget;
			buildConfigurationList = 97F64D821DBFCCAA0010385E /* Build configuration list for PBXNativeTarget "Xcode7Starter" */;
			buildPhases = (
				97F64D6C1DBFCCAA0010385E /* Sources */,
				97F64D6D1DBFCCAA0010385E /* Frameworks */,
				97F64D6E1DBFCCAA0010385E /* Resources */,
			);
			buildRules = (
			);
			dependencies = (
			);
			name = Xcode7Starter;
			productName = Xcode7Starter;
			productReference = 97F64D701DBFCCAA0010385E /* Xcode7Starter.app */;
			productType = "com.apple.product-type.application";
		};
/* End PBXNativeTarget section */

/* Begin PBXProject section */
		97F64D681DBFCCAA0010385E /* Project object */ = {
			isa = PBXProject;
			attributes = {
				LastSwiftUpdateCheck = 0730;
				LastUpgradeCheck = 1100;
				ORGANIZATIONNAME = "Treehouse Island, Inc";
				TargetAttributes = {
					97F64D6F1DBFCCAA0010385E = {
						CreatedOnToolsVersion = 7.3.1;
					};
				};
			};
			buildConfigurationList = 97F64D6B1DBFCCAA0010385E /* Build configuration list for PBXProject "Xcode7Starter" */;
			compatibilityVersion = "Xcode 3.2";
			developmentRegion = en;
			hasScannedForEncodings = 0;
			knownRegions = (
				en,
				Base,
			);
			mainGroup = 97F64D671DBFCCAA0010385E;
			productRefGroup = 97F64D711DBFCCAA0010385E /* Products */;
			projectDirPath = "";
			projectRoot = "";
			targets = (
				97F64D6F1DBFCCAA0010385E /* Xcode7Starter */,
			);
		};
/* End PBXProject section */

/* Begin PBXResourcesBuildPhase section */
		97F64D6E1DBFCCAA0010385E /* Resources */ = {
			isa = PBXResourcesBuildPhase;
			buildActionMask = 2147483647;
			files = (
				97F64D7E1DBFCCAA0010385E /* LaunchScreen.storyboard in Resources */,
				97F64D7B1DBFCCAA0010385E /* Assets.xcassets in Resources */,
			);
			runOnlyForDeploymentPostprocessing = 0;
		};
/* End PBXResourcesBuildPhase section */

/* Begin PBXSourcesBuildPhase section */
		97F64D6C1DBFCCAA0010385E /* Sources */ = {
			isa = PBXSourcesBuildPhase;
			buildActionMask = 2147483647;
			files = (
				AEE2B795234583FD005ACC36 /* Theme.swift in Sources */,
				AE16E301234CCAD200383879 /* InformationCell.swift in Sources */,
				AE65116E235158C200BAD541 /* StarWarsAPIClient.swift in Sources */,
				AE1C652B236FE5DB00F0548F /* Planet.swift in Sources */,
				AEC44D8D237AF1340007CF96 /* StarshipViewModel.swift in Sources */,
				AEC44D87237A5BFE0007CF96 /* SearchResultsDataSource.swift in Sources */,
				AE3BA4F9237641A0000AA59F /* SearchResultsController.swift in Sources */,
				AE1C65292369C2F900F0548F /* Type.swift in Sources */,
				AE98A65A233ED6B800725F59 /* Character.swift in Sources */,
				AE98A65E233ED6C900725F59 /* Starship.swift in Sources */,
				AEC44D85237A55590007CF96 /* MainMenuDataSource.swift in Sources */,
				97F64D741DBFCCAA0010385E /* AppDelegate.swift in Sources */,
				AE98A658233ED30E00725F59 /* Stub.swift in Sources */,
				AE16E2EB234AD2E200383879 /* MainMenuController.swift in Sources */,
				AE5EE4D92355526A00569C99 /* StarWarsEndpoint.swift in Sources */,
				AEC44D8F237B9FF20007CF96 /* DetailDataSource.swift in Sources */,
				AEEF5428235FEFA100BC55A3 /* Page.swift in Sources */,
				AE21EC7C2380C3C80075C45D /* Feature.swift in Sources */,
				AE98A65C233ED6C100725F59 /* Vehicle.swift in Sources */,
				AE21EC74237E6CCD0075C45D /* PickerDataSource.swift in Sources */,
				AEC44D8B237AF1290007CF96 /* VehicleViewModel.swift in Sources */,
				AEC44D89237AF11E0007CF96 /* CharacterViewModel.swift in Sources */,
				AE16E2F9234C2AE500383879 /* DetailController.swift in Sources */,
				AE16E2F1234ADBF100383879 /* MainMenuCell.swift in Sources */,
				AE65116A2351582900BAD541 /* StarWarsError.swift in Sources */,
			);
			runOnlyForDeploymentPostprocessing = 0;
		};
/* End PBXSourcesBuildPhase section */

/* Begin PBXVariantGroup section */
		97F64D7C1DBFCCAA0010385E /* LaunchScreen.storyboard */ = {
			isa = PBXVariantGroup;
			children = (
				97F64D7D1DBFCCAA0010385E /* Base */,
			);
			name = LaunchScreen.storyboard;
			sourceTree = "<group>";
		};
/* End PBXVariantGroup section */

/* Begin XCBuildConfiguration section */
		97F64D801DBFCCAA0010385E /* Debug */ = {
			isa = XCBuildConfiguration;
			buildSettings = {
				ALWAYS_SEARCH_USER_PATHS = NO;
				CLANG_ANALYZER_LOCALIZABILITY_NONLOCALIZED = YES;
				CLANG_ANALYZER_NONNULL = YES;
				CLANG_CXX_LANGUAGE_STANDARD = "gnu++0x";
				CLANG_CXX_LIBRARY = "libc++";
				CLANG_ENABLE_MODULES = YES;
				CLANG_ENABLE_OBJC_ARC = YES;
				CLANG_WARN_BLOCK_CAPTURE_AUTORELEASING = YES;
				CLANG_WARN_BOOL_CONVERSION = YES;
				CLANG_WARN_COMMA = YES;
				CLANG_WARN_CONSTANT_CONVERSION = YES;
				CLANG_WARN_DEPRECATED_OBJC_IMPLEMENTATIONS = YES;
				CLANG_WARN_DIRECT_OBJC_ISA_USAGE = YES_ERROR;
				CLANG_WARN_EMPTY_BODY = YES;
				CLANG_WARN_ENUM_CONVERSION = YES;
				CLANG_WARN_INFINITE_RECURSION = YES;
				CLANG_WARN_INT_CONVERSION = YES;
				CLANG_WARN_NON_LITERAL_NULL_CONVERSION = YES;
				CLANG_WARN_OBJC_IMPLICIT_RETAIN_SELF = YES;
				CLANG_WARN_OBJC_LITERAL_CONVERSION = YES;
				CLANG_WARN_OBJC_ROOT_CLASS = YES_ERROR;
				CLANG_WARN_RANGE_LOOP_ANALYSIS = YES;
				CLANG_WARN_STRICT_PROTOTYPES = YES;
				CLANG_WARN_SUSPICIOUS_MOVE = YES;
				CLANG_WARN_UNREACHABLE_CODE = YES;
				CLANG_WARN__DUPLICATE_METHOD_MATCH = YES;
				"CODE_SIGN_IDENTITY[sdk=iphoneos*]" = "iPhone Developer";
				COPY_PHASE_STRIP = NO;
				DEBUG_INFORMATION_FORMAT = dwarf;
				ENABLE_STRICT_OBJC_MSGSEND = YES;
				ENABLE_TESTABILITY = YES;
				GCC_C_LANGUAGE_STANDARD = gnu99;
				GCC_DYNAMIC_NO_PIC = NO;
				GCC_NO_COMMON_BLOCKS = YES;
				GCC_OPTIMIZATION_LEVEL = 0;
				GCC_PREPROCESSOR_DEFINITIONS = (
					"DEBUG=1",
					"$(inherited)",
				);
				GCC_WARN_64_TO_32_BIT_CONVERSION = YES;
				GCC_WARN_ABOUT_RETURN_TYPE = YES_ERROR;
				GCC_WARN_UNDECLARED_SELECTOR = YES;
				GCC_WARN_UNINITIALIZED_AUTOS = YES_AGGRESSIVE;
				GCC_WARN_UNUSED_FUNCTION = YES;
				GCC_WARN_UNUSED_VARIABLE = YES;
				IPHONEOS_DEPLOYMENT_TARGET = 9.3;
				MTL_ENABLE_DEBUG_INFO = YES;
				ONLY_ACTIVE_ARCH = YES;
				SDKROOT = iphoneos;
				SWIFT_OPTIMIZATION_LEVEL = "-Onone";
				SWIFT_VERSION = 5.0;
			};
			name = Debug;
		};
		97F64D811DBFCCAA0010385E /* Release */ = {
			isa = XCBuildConfiguration;
			buildSettings = {
				ALWAYS_SEARCH_USER_PATHS = NO;
				CLANG_ANALYZER_LOCALIZABILITY_NONLOCALIZED = YES;
				CLANG_ANALYZER_NONNULL = YES;
				CLANG_CXX_LANGUAGE_STANDARD = "gnu++0x";
				CLANG_CXX_LIBRARY = "libc++";
				CLANG_ENABLE_MODULES = YES;
				CLANG_ENABLE_OBJC_ARC = YES;
				CLANG_WARN_BLOCK_CAPTURE_AUTORELEASING = YES;
				CLANG_WARN_BOOL_CONVERSION = YES;
				CLANG_WARN_COMMA = YES;
				CLANG_WARN_CONSTANT_CONVERSION = YES;
				CLANG_WARN_DEPRECATED_OBJC_IMPLEMENTATIONS = YES;
				CLANG_WARN_DIRECT_OBJC_ISA_USAGE = YES_ERROR;
				CLANG_WARN_EMPTY_BODY = YES;
				CLANG_WARN_ENUM_CONVERSION = YES;
				CLANG_WARN_INFINITE_RECURSION = YES;
				CLANG_WARN_INT_CONVERSION = YES;
				CLANG_WARN_NON_LITERAL_NULL_CONVERSION = YES;
				CLANG_WARN_OBJC_IMPLICIT_RETAIN_SELF = YES;
				CLANG_WARN_OBJC_LITERAL_CONVERSION = YES;
				CLANG_WARN_OBJC_ROOT_CLASS = YES_ERROR;
				CLANG_WARN_RANGE_LOOP_ANALYSIS = YES;
				CLANG_WARN_STRICT_PROTOTYPES = YES;
				CLANG_WARN_SUSPICIOUS_MOVE = YES;
				CLANG_WARN_UNREACHABLE_CODE = YES;
				CLANG_WARN__DUPLICATE_METHOD_MATCH = YES;
				"CODE_SIGN_IDENTITY[sdk=iphoneos*]" = "iPhone Developer";
				COPY_PHASE_STRIP = NO;
				DEBUG_INFORMATION_FORMAT = "dwarf-with-dsym";
				ENABLE_NS_ASSERTIONS = NO;
				ENABLE_STRICT_OBJC_MSGSEND = YES;
				GCC_C_LANGUAGE_STANDARD = gnu99;
				GCC_NO_COMMON_BLOCKS = YES;
				GCC_WARN_64_TO_32_BIT_CONVERSION = YES;
				GCC_WARN_ABOUT_RETURN_TYPE = YES_ERROR;
				GCC_WARN_UNDECLARED_SELECTOR = YES;
				GCC_WARN_UNINITIALIZED_AUTOS = YES_AGGRESSIVE;
				GCC_WARN_UNUSED_FUNCTION = YES;
				GCC_WARN_UNUSED_VARIABLE = YES;
				IPHONEOS_DEPLOYMENT_TARGET = 9.3;
				MTL_ENABLE_DEBUG_INFO = NO;
				SDKROOT = iphoneos;
				SWIFT_COMPILATION_MODE = wholemodule;
				SWIFT_VERSION = 5.0;
				VALIDATE_PRODUCT = YES;
			};
			name = Release;
		};
		97F64D831DBFCCAA0010385E /* Debug */ = {
			isa = XCBuildConfiguration;
			buildSettings = {
				ASSETCATALOG_COMPILER_APPICON_NAME = AppIcon;
				INFOPLIST_FILE = Xcode7Starter/Info.plist;
				LD_RUNPATH_SEARCH_PATHS = "$(inherited) @executable_path/Frameworks";
				PRODUCT_BUNDLE_IDENTIFIER = com.teamtreehouse.Xcode7Starter;
				PRODUCT_NAME = "$(TARGET_NAME)";
			};
			name = Debug;
		};
		97F64D841DBFCCAA0010385E /* Release */ = {
			isa = XCBuildConfiguration;
			buildSettings = {
				ASSETCATALOG_COMPILER_APPICON_NAME = AppIcon;
				INFOPLIST_FILE = Xcode7Starter/Info.plist;
				LD_RUNPATH_SEARCH_PATHS = "$(inherited) @executable_path/Frameworks";
				PRODUCT_BUNDLE_IDENTIFIER = com.teamtreehouse.Xcode7Starter;
				PRODUCT_NAME = "$(TARGET_NAME)";
			};
			name = Release;
		};
/* End XCBuildConfiguration section */

/* Begin XCConfigurationList section */
		97F64D6B1DBFCCAA0010385E /* Build configuration list for PBXProject "Xcode7Starter" */ = {
			isa = XCConfigurationList;
			buildConfigurations = (
				97F64D801DBFCCAA0010385E /* Debug */,
				97F64D811DBFCCAA0010385E /* Release */,
			);
			defaultConfigurationIsVisible = 0;
			defaultConfigurationName = Release;
		};
		97F64D821DBFCCAA0010385E /* Build configuration list for PBXNativeTarget "Xcode7Starter" */ = {
			isa = XCConfigurationList;
			buildConfigurations = (
				97F64D831DBFCCAA0010385E /* Debug */,
				97F64D841DBFCCAA0010385E /* Release */,
			);
			defaultConfigurationIsVisible = 0;
			defaultConfigurationName = Release;
		};
/* End XCConfigurationList section */
	};
	rootObject = 97F64D681DBFCCAA0010385E /* Project object */;
}
